<Solution>
  <Folder Name="/src/">
    <Project Path="src/Checkers.App/Checkers.App.csproj" />
    <Project Path="src/Checkers.Core/Checkers.Core.csproj" />
    <Project Path="src/Checkers.Wpf/Checkers.Wpf.csproj" />
  </Folder>
  <Folder Name="/tests/">
    <Project Path="tests/Checkers.App.Tests/Checkers.App.Tests.csproj" />
    <Project Path="tests/Checkers.Core.Tests/Checkers.Core.Tests.csproj" />
  </Folder>
</Solution>
